{
  "name": "web",
  "lockfileVersion": 3,
  "requires": true,
  "packages": {
    "": {
      "dependencies": {
        "@namatery/multer-minio": "^1.1.2"
      }
    },
    "node_modules/@namatery/multer-minio": {
      "version": "1.1.2",
      "resolved": "https://registry.npmjs.org/@namatery/multer-minio/-/multer-minio-1.1.2.tgz",
      "integrity": "sha512-OSt8QPK8o93dNxtvSLJaefqTxUdaL/Vs9cFFnd7lIp5+oU0UROvgv97PAIjMAq4S6MH7T7E0n//9p544D5vXog==",
      "license": "MIT",
      "engines": {
        "node": ">=18.0.0"
      }
    }
  }
}
